
Microsoft Visual Studio Solution File, Format Version 12.00
# Visual Studio 15
VisualStudioVersion = 15.0.26430.6
MinimumVisualStudioVersion = 10.0.40219.1
Project("{FAE04EC0-301F-11D3-BF4B-00C04F79EFBC}") = "CS4790IA2", "CS4790IA2\CS4790IA2.csproj", "{D4CFEF7A-9664-4CE8-A31C-D95AE58D5048}"
EndProject
Global
	GlobalSection(SolutionConfigurationPlatforms) = preSolution
		Debug|Any CPU = Debug|Any CPU
		Release|Any CPU = Release|Any CPU
	EndGlobalSection
	GlobalSection(ProjectConfigurationPlatforms) = postSolution
		{D4CFEF7A-9664-4CE8-A31C-D95AE58D5048}.Debug|Any CPU.ActiveCfg = Debug|Any CPU
		{D4CFEF7A-9664-4CE8-A31C-D95AE58D5048}.Debug|Any CPU.Build.0 = Debug|Any CPU
		{D4CFEF7A-9664-4CE8-A31C-D95AE58D5048}.Release|Any CPU.ActiveCfg = Release|Any CPU
		{D4CFEF7A-9664-4CE8-A31C-D95AE58D5048}.Release|Any CPU.Build.0 = Release|Any CPU
	EndGlobalSection
	GlobalSection(SolutionProperties) = preSolution
		HideSolutionNode = FALSE
	EndGlobalSection
EndGlobal
